PODS:
  - Alamofire (4.5.0)
  - AlamofireObjectMapper (4.1.0):
    - Alamofire (~> 4.1)
    - ObjectMapper (~> 2.0)
  - HNClient (0.1):
    - AlamofireObjectMapper (~> 4.1)
  - ObjectMapper (2.2.7)
  - Skeleton (0.1.0)
  - SwiftyJSON (3.1.4)

DEPENDENCIES:
  - HNClient
  - Skeleton
  - SwiftyJSON

SPEC CHECKSUMS:
  Alamofire: f28cdffd29de33a7bfa022cbd63ae95a27fae140
  AlamofireObjectMapper: 435adc82f5b367679bd9e71c4974a54efd0b2521
  HNClient: e2f7b077281f99828d7f6d3a05ad73427ab8dc31
  ObjectMapper: 65abcfd9a61cf7396cbd14a4fb22fddfcc46577e
  Skeleton: b76249b7d6a73a9913e164c8030647a3e005c700
  SwiftyJSON: c2842d878f95482ffceec5709abc3d05680c0220

PODFILE CHECKSUM: a6f42e66c9f100f5c2ff7ee211228824a5f0c1ce

COCOAPODS: 1.2.1
